
Microsoft Visual Studio Solution File, Format Version 12.00
# Visual Studio Version 17
Project("{2150E333-8FDC-42A3-9474-1A3956D46DE8}") = "BookProject", "BookProject", "{CD92C076-777C-3D1C-BC2C-3B4D5F1C3AC2}"
EndProject
Project("{2150E333-8FDC-42A3-9474-1A3956D46DE8}") = "CMakePredefinedTargets", "CMakePredefinedTargets", "{8169C996-E979-37BE-83A0-DF813A0F3B10}"
EndProject
Project("{2150E333-8FDC-42A3-9474-1A3956D46DE8}") = "CTestDashboardTargets", "CTestDashboardTargets", "{81BB870E-BCFC-34EB-9453-FCE912BBB28E}"
EndProject
Project("{2150E333-8FDC-42A3-9474-1A3956D46DE8}") = "Gem", "Gem", "{E6DE088D-4001-39BF-8C4A-9B869F48D83F}"
EndProject
Project("{2150E333-8FDC-42A3-9474-1A3956D46DE8}") = "MyGem", "Gem\MyGem", "{F7FDC7AB-40B4-3C34-B9EF-0FC75D8ABFC0}"
EndProject
Project("{2150E333-8FDC-42A3-9474-1A3956D46DE8}") = "Code", "Gem\MyGem\Code", "{62E09A82-9A45-3AE5-8041-B35E7C66F54E}"
EndProject
Project("{2150E333-8FDC-42A3-9474-1A3956D46DE8}") = "O3DE_SDK", "O3DE_SDK", "{3D225C88-D713-396F-A092-DB5F5A5EF10F}"
EndProject
Project("{8BC9CEB8-8B4A-11D0-8D11-00A0C91BC942}") = "ALL_BUILD", "ALL_BUILD.vcxproj", "{E1244884-8F6F-374E-BD50-E11446815272}"
	ProjectSection(ProjectDependencies) = postProject
		{51582C16-D8F5-3CB3-A766-AED896D43324} = {51582C16-D8F5-3CB3-A766-AED896D43324}
		{0850BD09-DEBA-3122-8D67-2BF10066162A} = {0850BD09-DEBA-3122-8D67-2BF10066162A}
		{65457718-37AF-3AA1-873F-945E2B846DC6} = {65457718-37AF-3AA1-873F-945E2B846DC6}
		{F38CD443-E342-3D20-8CEA-495E2543D986} = {F38CD443-E342-3D20-8CEA-495E2543D986}
		{5CFDA4C3-8C61-380A-89D6-C12F9ACF4EA3} = {5CFDA4C3-8C61-380A-89D6-C12F9ACF4EA3}
		{0EF5928E-560B-3635-BA94-EC588F03E8C4} = {0EF5928E-560B-3635-BA94-EC588F03E8C4}
		{3CEE17C1-E068-3F16-893B-80F4CF0446C2} = {3CEE17C1-E068-3F16-893B-80F4CF0446C2}
		{C9CABA1A-7EA9-32FE-8186-5417DC8F15E8} = {C9CABA1A-7EA9-32FE-8186-5417DC8F15E8}
		{A71BFCE2-CB1C-3472-8150-765FDD682B78} = {A71BFCE2-CB1C-3472-8150-765FDD682B78}
		{63CA6DBC-A7F7-32BF-B2A2-7CF67CE78F58} = {63CA6DBC-A7F7-32BF-B2A2-7CF67CE78F58}
		{A1A44753-C939-3B3A-B5A6-E0F66BB5F704} = {A1A44753-C939-3B3A-B5A6-E0F66BB5F704}
		{DBC5442E-C6B6-36FC-A0C9-2E933C30BDF6} = {DBC5442E-C6B6-36FC-A0C9-2E933C30BDF6}
	EndProjectSection
EndProject
Project("{8BC9CEB8-8B4A-11D0-8D11-00A0C91BC942}") = "BookProject", "External\Gem-34bae4f8\BookProject.vcxproj", "{51582C16-D8F5-3CB3-A766-AED896D43324}"
	ProjectSection(ProjectDependencies) = postProject
		{65457718-37AF-3AA1-873F-945E2B846DC6} = {65457718-37AF-3AA1-873F-945E2B846DC6}
		{DBC5442E-C6B6-36FC-A0C9-2E933C30BDF6} = {DBC5442E-C6B6-36FC-A0C9-2E933C30BDF6}
	EndProjectSection
EndProject
Project("{8BC9CEB8-8B4A-11D0-8D11-00A0C91BC942}") = "BookProject.Assets", "o3de\BookProject.Assets.vcxproj", "{82002FED-70A1-3EB4-BCEE-6C1ADE7DE64A}"
	ProjectSection(ProjectDependencies) = postProject
		{51582C16-D8F5-3CB3-A766-AED896D43324} = {51582C16-D8F5-3CB3-A766-AED896D43324}
		{C9CABA1A-7EA9-32FE-8186-5417DC8F15E8} = {C9CABA1A-7EA9-32FE-8186-5417DC8F15E8}
		{DBC5442E-C6B6-36FC-A0C9-2E933C30BDF6} = {DBC5442E-C6B6-36FC-A0C9-2E933C30BDF6}
	EndProjectSection
EndProject
Project("{8BC9CEB8-8B4A-11D0-8D11-00A0C91BC942}") = "BookProject.GameLauncher", "o3de\BookProject.GameLauncher.vcxproj", "{0850BD09-DEBA-3122-8D67-2BF10066162A}"
	ProjectSection(ProjectDependencies) = postProject
		{51582C16-D8F5-3CB3-A766-AED896D43324} = {51582C16-D8F5-3CB3-A766-AED896D43324}
		{0EF5928E-560B-3635-BA94-EC588F03E8C4} = {0EF5928E-560B-3635-BA94-EC588F03E8C4}
		{DBC5442E-C6B6-36FC-A0C9-2E933C30BDF6} = {DBC5442E-C6B6-36FC-A0C9-2E933C30BDF6}
	EndProjectSection
EndProject
Project("{8BC9CEB8-8B4A-11D0-8D11-00A0C91BC942}") = "BookProject.Private.Object", "External\Gem-34bae4f8\BookProject.Private.Object.vcxproj", "{65457718-37AF-3AA1-873F-945E2B846DC6}"
	ProjectSection(ProjectDependencies) = postProject
		{DBC5442E-C6B6-36FC-A0C9-2E933C30BDF6} = {DBC5442E-C6B6-36FC-A0C9-2E933C30BDF6}
	EndProjectSection
EndProject
Project("{8BC9CEB8-8B4A-11D0-8D11-00A0C91BC942}") = "BookProject.ServerLauncher", "o3de\BookProject.ServerLauncher.vcxproj", "{F38CD443-E342-3D20-8CEA-495E2543D986}"
	ProjectSection(ProjectDependencies) = postProject
		{51582C16-D8F5-3CB3-A766-AED896D43324} = {51582C16-D8F5-3CB3-A766-AED896D43324}
		{0EF5928E-560B-3635-BA94-EC588F03E8C4} = {0EF5928E-560B-3635-BA94-EC588F03E8C4}
		{DBC5442E-C6B6-36FC-A0C9-2E933C30BDF6} = {DBC5442E-C6B6-36FC-A0C9-2E933C30BDF6}
	EndProjectSection
EndProject
Project("{8BC9CEB8-8B4A-11D0-8D11-00A0C91BC942}") = "BookProject.UnifiedLauncher", "o3de\BookProject.UnifiedLauncher.vcxproj", "{5CFDA4C3-8C61-380A-89D6-C12F9ACF4EA3}"
	ProjectSection(ProjectDependencies) = postProject
		{51582C16-D8F5-3CB3-A766-AED896D43324} = {51582C16-D8F5-3CB3-A766-AED896D43324}
		{0EF5928E-560B-3635-BA94-EC588F03E8C4} = {0EF5928E-560B-3635-BA94-EC588F03E8C4}
		{DBC5442E-C6B6-36FC-A0C9-2E933C30BDF6} = {DBC5442E-C6B6-36FC-A0C9-2E933C30BDF6}
	EndProjectSection
EndProject
Project("{8BC9CEB8-8B4A-11D0-8D11-00A0C91BC942}") = "Continuous", "o3de\Continuous.vcxproj", "{40B57DDD-4547-307E-8196-D4E1183C5BDC}"
	ProjectSection(ProjectDependencies) = postProject
		{DBC5442E-C6B6-36FC-A0C9-2E933C30BDF6} = {DBC5442E-C6B6-36FC-A0C9-2E933C30BDF6}
	EndProjectSection
EndProject
Project("{8BC9CEB8-8B4A-11D0-8D11-00A0C91BC942}") = "Editor", "o3de\Code\Editor\Editor.vcxproj", "{87B2E38F-757D-3F36-B4D2-FB4A22D31B76}"
	ProjectSection(ProjectDependencies) = postProject
		{51582C16-D8F5-3CB3-A766-AED896D43324} = {51582C16-D8F5-3CB3-A766-AED896D43324}
		{F38CD443-E342-3D20-8CEA-495E2543D986} = {F38CD443-E342-3D20-8CEA-495E2543D986}
		{C9CABA1A-7EA9-32FE-8186-5417DC8F15E8} = {C9CABA1A-7EA9-32FE-8186-5417DC8F15E8}
		{DBC5442E-C6B6-36FC-A0C9-2E933C30BDF6} = {DBC5442E-C6B6-36FC-A0C9-2E933C30BDF6}
	EndProjectSection
EndProject
Project("{8BC9CEB8-8B4A-11D0-8D11-00A0C91BC942}") = "Experimental", "o3de\Experimental.vcxproj", "{83A693B1-929B-3EA2-BD24-949611C66451}"
	ProjectSection(ProjectDependencies) = postProject
		{DBC5442E-C6B6-36FC-A0C9-2E933C30BDF6} = {DBC5442E-C6B6-36FC-A0C9-2E933C30BDF6}
	EndProjectSection
EndProject
Project("{8BC9CEB8-8B4A-11D0-8D11-00A0C91BC942}") = "INSTALL", "INSTALL.vcxproj", "{41106A12-2623-3DCE-9BCD-42B01A66DB89}"
	ProjectSection(ProjectDependencies) = postProject
		{E1244884-8F6F-374E-BD50-E11446815272} = {E1244884-8F6F-374E-BD50-E11446815272}
		{DBC5442E-C6B6-36FC-A0C9-2E933C30BDF6} = {DBC5442E-C6B6-36FC-A0C9-2E933C30BDF6}
	EndProjectSection
EndProject
Project("{8BC9CEB8-8B4A-11D0-8D11-00A0C91BC942}") = "MyGem", "External\MyGem-c19403bc\Code\MyGem.vcxproj", "{0EF5928E-560B-3635-BA94-EC588F03E8C4}"
	ProjectSection(ProjectDependencies) = postProject
		{3CEE17C1-E068-3F16-893B-80F4CF0446C2} = {3CEE17C1-E068-3F16-893B-80F4CF0446C2}
		{A1A44753-C939-3B3A-B5A6-E0F66BB5F704} = {A1A44753-C939-3B3A-B5A6-E0F66BB5F704}
		{DBC5442E-C6B6-36FC-A0C9-2E933C30BDF6} = {DBC5442E-C6B6-36FC-A0C9-2E933C30BDF6}
	EndProjectSection
EndProject
Project("{8BC9CEB8-8B4A-11D0-8D11-00A0C91BC942}") = "MyGem.API", "External\MyGem-c19403bc\Code\MyGem.API.vcxproj", "{3CEE17C1-E068-3F16-893B-80F4CF0446C2}"
	ProjectSection(ProjectDependencies) = postProject
		{DBC5442E-C6B6-36FC-A0C9-2E933C30BDF6} = {DBC5442E-C6B6-36FC-A0C9-2E933C30BDF6}
	EndProjectSection
EndProject
Project("{8BC9CEB8-8B4A-11D0-8D11-00A0C91BC942}") = "MyGem.Editor", "External\MyGem-c19403bc\Code\MyGem.Editor.vcxproj", "{C9CABA1A-7EA9-32FE-8186-5417DC8F15E8}"
	ProjectSection(ProjectDependencies) = postProject
		{A71BFCE2-CB1C-3472-8150-765FDD682B78} = {A71BFCE2-CB1C-3472-8150-765FDD682B78}
		{63CA6DBC-A7F7-32BF-B2A2-7CF67CE78F58} = {63CA6DBC-A7F7-32BF-B2A2-7CF67CE78F58}
		{A1A44753-C939-3B3A-B5A6-E0F66BB5F704} = {A1A44753-C939-3B3A-B5A6-E0F66BB5F704}
		{DBC5442E-C6B6-36FC-A0C9-2E933C30BDF6} = {DBC5442E-C6B6-36FC-A0C9-2E933C30BDF6}
	EndProjectSection
EndProject
Project("{8BC9CEB8-8B4A-11D0-8D11-00A0C91BC942}") = "MyGem.Editor.API", "External\MyGem-c19403bc\Code\MyGem.Editor.API.vcxproj", "{A71BFCE2-CB1C-3472-8150-765FDD682B78}"
	ProjectSection(ProjectDependencies) = postProject
		{DBC5442E-C6B6-36FC-A0C9-2E933C30BDF6} = {DBC5442E-C6B6-36FC-A0C9-2E933C30BDF6}
	EndProjectSection
EndProject
Project("{8BC9CEB8-8B4A-11D0-8D11-00A0C91BC942}") = "MyGem.Editor.Private.Object", "External\MyGem-c19403bc\Code\MyGem.Editor.Private.Object.vcxproj", "{63CA6DBC-A7F7-32BF-B2A2-7CF67CE78F58}"
	ProjectSection(ProjectDependencies) = postProject
		{A1A44753-C939-3B3A-B5A6-E0F66BB5F704} = {A1A44753-C939-3B3A-B5A6-E0F66BB5F704}
		{DBC5442E-C6B6-36FC-A0C9-2E933C30BDF6} = {DBC5442E-C6B6-36FC-A0C9-2E933C30BDF6}
	EndProjectSection
EndProject
Project("{8BC9CEB8-8B4A-11D0-8D11-00A0C91BC942}") = "MyGem.Private.Object", "External\MyGem-c19403bc\Code\MyGem.Private.Object.vcxproj", "{A1A44753-C939-3B3A-B5A6-E0F66BB5F704}"
	ProjectSection(ProjectDependencies) = postProject
		{DBC5442E-C6B6-36FC-A0C9-2E933C30BDF6} = {DBC5442E-C6B6-36FC-A0C9-2E933C30BDF6}
	EndProjectSection
EndProject
Project("{8BC9CEB8-8B4A-11D0-8D11-00A0C91BC942}") = "Nightly", "o3de\Nightly.vcxproj", "{70E27B0A-07BA-3DA2-B322-2D95373851FA}"
	ProjectSection(ProjectDependencies) = postProject
		{DBC5442E-C6B6-36FC-A0C9-2E933C30BDF6} = {DBC5442E-C6B6-36FC-A0C9-2E933C30BDF6}
	EndProjectSection
EndProject
Project("{8BC9CEB8-8B4A-11D0-8D11-00A0C91BC942}") = "NightlyMemoryCheck", "o3de\NightlyMemoryCheck.vcxproj", "{8A91ABC9-89D8-3C79-9CEA-6D3C1E4DF57E}"
	ProjectSection(ProjectDependencies) = postProject
		{DBC5442E-C6B6-36FC-A0C9-2E933C30BDF6} = {DBC5442E-C6B6-36FC-A0C9-2E933C30BDF6}
	EndProjectSection
EndProject
Project("{8BC9CEB8-8B4A-11D0-8D11-00A0C91BC942}") = "ZERO_CHECK", "ZERO_CHECK.vcxproj", "{DBC5442E-C6B6-36FC-A0C9-2E933C30BDF6}"
	ProjectSection(ProjectDependencies) = postProject
	EndProjectSection
EndProject
Global
	GlobalSection(SolutionConfigurationPlatforms) = preSolution
		profile|x64 = profile|x64
	EndGlobalSection
	GlobalSection(ProjectConfigurationPlatforms) = postSolution
		{E1244884-8F6F-374E-BD50-E11446815272}.profile|x64.ActiveCfg = profile|x64
		{E1244884-8F6F-374E-BD50-E11446815272}.profile|x64.Build.0 = profile|x64
		{51582C16-D8F5-3CB3-A766-AED896D43324}.profile|x64.ActiveCfg = profile|x64
		{51582C16-D8F5-3CB3-A766-AED896D43324}.profile|x64.Build.0 = profile|x64
		{82002FED-70A1-3EB4-BCEE-6C1ADE7DE64A}.profile|x64.ActiveCfg = profile|x64
		{0850BD09-DEBA-3122-8D67-2BF10066162A}.profile|x64.ActiveCfg = profile|x64
		{0850BD09-DEBA-3122-8D67-2BF10066162A}.profile|x64.Build.0 = profile|x64
		{65457718-37AF-3AA1-873F-945E2B846DC6}.profile|x64.ActiveCfg = profile|x64
		{65457718-37AF-3AA1-873F-945E2B846DC6}.profile|x64.Build.0 = profile|x64
		{F38CD443-E342-3D20-8CEA-495E2543D986}.profile|x64.ActiveCfg = profile|x64
		{F38CD443-E342-3D20-8CEA-495E2543D986}.profile|x64.Build.0 = profile|x64
		{5CFDA4C3-8C61-380A-89D6-C12F9ACF4EA3}.profile|x64.ActiveCfg = profile|x64
		{5CFDA4C3-8C61-380A-89D6-C12F9ACF4EA3}.profile|x64.Build.0 = profile|x64
		{40B57DDD-4547-307E-8196-D4E1183C5BDC}.profile|x64.ActiveCfg = profile|x64
		{87B2E38F-757D-3F36-B4D2-FB4A22D31B76}.profile|x64.ActiveCfg = profile|x64
		{83A693B1-929B-3EA2-BD24-949611C66451}.profile|x64.ActiveCfg = profile|x64
		{41106A12-2623-3DCE-9BCD-42B01A66DB89}.profile|x64.ActiveCfg = profile|x64
		{0EF5928E-560B-3635-BA94-EC588F03E8C4}.profile|x64.ActiveCfg = profile|x64
		{0EF5928E-560B-3635-BA94-EC588F03E8C4}.profile|x64.Build.0 = profile|x64
		{3CEE17C1-E068-3F16-893B-80F4CF0446C2}.profile|x64.ActiveCfg = profile|x64
		{3CEE17C1-E068-3F16-893B-80F4CF0446C2}.profile|x64.Build.0 = profile|x64
		{C9CABA1A-7EA9-32FE-8186-5417DC8F15E8}.profile|x64.ActiveCfg = profile|x64
		{C9CABA1A-7EA9-32FE-8186-5417DC8F15E8}.profile|x64.Build.0 = profile|x64
		{A71BFCE2-CB1C-3472-8150-765FDD682B78}.profile|x64.ActiveCfg = profile|x64
		{A71BFCE2-CB1C-3472-8150-765FDD682B78}.profile|x64.Build.0 = profile|x64
		{63CA6DBC-A7F7-32BF-B2A2-7CF67CE78F58}.profile|x64.ActiveCfg = profile|x64
		{63CA6DBC-A7F7-32BF-B2A2-7CF67CE78F58}.profile|x64.Build.0 = profile|x64
		{A1A44753-C939-3B3A-B5A6-E0F66BB5F704}.profile|x64.ActiveCfg = profile|x64
		{A1A44753-C939-3B3A-B5A6-E0F66BB5F704}.profile|x64.Build.0 = profile|x64
		{70E27B0A-07BA-3DA2-B322-2D95373851FA}.profile|x64.ActiveCfg = profile|x64
		{8A91ABC9-89D8-3C79-9CEA-6D3C1E4DF57E}.profile|x64.ActiveCfg = profile|x64
		{DBC5442E-C6B6-36FC-A0C9-2E933C30BDF6}.profile|x64.ActiveCfg = profile|x64
		{DBC5442E-C6B6-36FC-A0C9-2E933C30BDF6}.profile|x64.Build.0 = profile|x64
	EndGlobalSection
	GlobalSection(NestedProjects) = preSolution
		{82002FED-70A1-3EB4-BCEE-6C1ADE7DE64A} = {CD92C076-777C-3D1C-BC2C-3B4D5F1C3AC2}
		{0850BD09-DEBA-3122-8D67-2BF10066162A} = {CD92C076-777C-3D1C-BC2C-3B4D5F1C3AC2}
		{F38CD443-E342-3D20-8CEA-495E2543D986} = {CD92C076-777C-3D1C-BC2C-3B4D5F1C3AC2}
		{5CFDA4C3-8C61-380A-89D6-C12F9ACF4EA3} = {CD92C076-777C-3D1C-BC2C-3B4D5F1C3AC2}
		{E1244884-8F6F-374E-BD50-E11446815272} = {8169C996-E979-37BE-83A0-DF813A0F3B10}
		{41106A12-2623-3DCE-9BCD-42B01A66DB89} = {8169C996-E979-37BE-83A0-DF813A0F3B10}
		{DBC5442E-C6B6-36FC-A0C9-2E933C30BDF6} = {8169C996-E979-37BE-83A0-DF813A0F3B10}
		{40B57DDD-4547-307E-8196-D4E1183C5BDC} = {81BB870E-BCFC-34EB-9453-FCE912BBB28E}
		{83A693B1-929B-3EA2-BD24-949611C66451} = {81BB870E-BCFC-34EB-9453-FCE912BBB28E}
		{70E27B0A-07BA-3DA2-B322-2D95373851FA} = {81BB870E-BCFC-34EB-9453-FCE912BBB28E}
		{8A91ABC9-89D8-3C79-9CEA-6D3C1E4DF57E} = {81BB870E-BCFC-34EB-9453-FCE912BBB28E}
		{51582C16-D8F5-3CB3-A766-AED896D43324} = {E6DE088D-4001-39BF-8C4A-9B869F48D83F}
		{65457718-37AF-3AA1-873F-945E2B846DC6} = {E6DE088D-4001-39BF-8C4A-9B869F48D83F}
		{F7FDC7AB-40B4-3C34-B9EF-0FC75D8ABFC0} = {E6DE088D-4001-39BF-8C4A-9B869F48D83F}
		{62E09A82-9A45-3AE5-8041-B35E7C66F54E} = {F7FDC7AB-40B4-3C34-B9EF-0FC75D8ABFC0}
		{0EF5928E-560B-3635-BA94-EC588F03E8C4} = {62E09A82-9A45-3AE5-8041-B35E7C66F54E}
		{3CEE17C1-E068-3F16-893B-80F4CF0446C2} = {62E09A82-9A45-3AE5-8041-B35E7C66F54E}
		{C9CABA1A-7EA9-32FE-8186-5417DC8F15E8} = {62E09A82-9A45-3AE5-8041-B35E7C66F54E}
		{A71BFCE2-CB1C-3472-8150-765FDD682B78} = {62E09A82-9A45-3AE5-8041-B35E7C66F54E}
		{63CA6DBC-A7F7-32BF-B2A2-7CF67CE78F58} = {62E09A82-9A45-3AE5-8041-B35E7C66F54E}
		{A1A44753-C939-3B3A-B5A6-E0F66BB5F704} = {62E09A82-9A45-3AE5-8041-B35E7C66F54E}
		{87B2E38F-757D-3F36-B4D2-FB4A22D31B76} = {3D225C88-D713-396F-A092-DB5F5A5EF10F}
	EndGlobalSection
	GlobalSection(ExtensibilityGlobals) = postSolution
		SolutionGuid = {F61D123F-21A1-318B-802D-8EE46E3D7461}
	EndGlobalSection
	GlobalSection(ExtensibilityAddIns) = postSolution
	EndGlobalSection
EndGlobal
