<?xml version="1.0" encoding="utf-8"?>
<Project ToolsVersion="17.0" xmlns="http://schemas.microsoft.com/developer/msbuild/2003">
  <ItemGroup>
    <CustomBuild Include="C:\Users\mrele\Documents\terrortronics-public\03DE\BuildBookProject\CMakeFiles\45f4ab312f0d0d03442e83acffa85eb2\INSTALL_force.rule">
      <Filter>Generated Files</Filter>
    </CustomBuild>
  </ItemGroup>
  <ItemGroup>
    <Filter Include="Generated Files">
      <UniqueIdentifier>{02997500-C15A-3C90-AC80-3B1FA9491F62}</UniqueIdentifier>
    </Filter>
  </ItemGroup>
</Project>
