
Microsoft Visual Studio Solution File, Format Version 12.00
# Visual Studio Version 17
Project("{2150E333-8FDC-42A3-9474-1A3956D46DE8}") = "BookProject", "BookProject", "{DEEA6809-B2A7-39EA-BF86-F7698D3D1F08}"
EndProject
Project("{2150E333-8FDC-42A3-9474-1A3956D46DE8}") = "CMakePredefinedTargets", "CMakePredefinedTargets", "{2750297C-EE9B-3245-884B-1B09E5FEA3E8}"
EndProject
Project("{2150E333-8FDC-42A3-9474-1A3956D46DE8}") = "CTestDashboardTargets", "CTestDashboardTargets", "{2B40DA99-8B48-3335-A1D9-47597816B183}"
EndProject
Project("{2150E333-8FDC-42A3-9474-1A3956D46DE8}") = "Gem", "Gem", "{6BA7FFBA-3F39-31D0-8A86-36840A8DA578}"
EndProject
Project("{2150E333-8FDC-42A3-9474-1A3956D46DE8}") = "MyGem", "Gem\MyGem", "{284D796B-D820-3E6E-99BE-B2335696E4F8}"
EndProject
Project("{2150E333-8FDC-42A3-9474-1A3956D46DE8}") = "Code", "Gem\MyGem\Code", "{EF804521-F964-3B6D-B805-8143B26A71F4}"
EndProject
Project("{2150E333-8FDC-42A3-9474-1A3956D46DE8}") = "O3DE_SDK", "O3DE_SDK", "{A1E76D89-F83A-36E2-BAF4-819287CA41CE}"
EndProject
Project("{8BC9CEB8-8B4A-11D0-8D11-00A0C91BC942}") = "ALL_BUILD", "ALL_BUILD.vcxproj", "{A3BB71CE-7928-330D-9F93-03D81F09A4B7}"
	ProjectSection(ProjectDependencies) = postProject
		{4721CDA9-E5C5-3E2D-BB6A-BAB98CE65F2E} = {4721CDA9-E5C5-3E2D-BB6A-BAB98CE65F2E}
		{767A520A-C326-39E1-83B5-7C514EF71F15} = {767A520A-C326-39E1-83B5-7C514EF71F15}
		{C8C52CDC-F822-3906-95B1-96152F667DAD} = {C8C52CDC-F822-3906-95B1-96152F667DAD}
		{1DBB03E6-39AA-3450-87D5-50EE86D97CC8} = {1DBB03E6-39AA-3450-87D5-50EE86D97CC8}
		{EE10107F-8CA1-35EB-AAC1-4519E5BBF6E0} = {EE10107F-8CA1-35EB-AAC1-4519E5BBF6E0}
		{B7BC10E0-F3A3-37B8-87F2-77EB988D4402} = {B7BC10E0-F3A3-37B8-87F2-77EB988D4402}
		{A40B0CB3-933A-3FBB-892D-3140AE9C55A5} = {A40B0CB3-933A-3FBB-892D-3140AE9C55A5}
		{B0BFAFDD-DABD-3915-87A6-3C8A7737B7DD} = {B0BFAFDD-DABD-3915-87A6-3C8A7737B7DD}
		{8C063FAE-73DD-398B-BC38-434AC4C9805C} = {8C063FAE-73DD-398B-BC38-434AC4C9805C}
		{17A45776-8FDC-3A29-94A5-E07FAFABD384} = {17A45776-8FDC-3A29-94A5-E07FAFABD384}
		{52ABF96F-0D62-34AF-B2D6-94BC6FB631B6} = {52ABF96F-0D62-34AF-B2D6-94BC6FB631B6}
		{525FC9A3-9790-39FF-B1F5-953D70AF2263} = {525FC9A3-9790-39FF-B1F5-953D70AF2263}
	EndProjectSection
EndProject
Project("{8BC9CEB8-8B4A-11D0-8D11-00A0C91BC942}") = "BookProject", "External\Gem-34bae4f8\BookProject.vcxproj", "{4721CDA9-E5C5-3E2D-BB6A-BAB98CE65F2E}"
	ProjectSection(ProjectDependencies) = postProject
		{C8C52CDC-F822-3906-95B1-96152F667DAD} = {C8C52CDC-F822-3906-95B1-96152F667DAD}
		{525FC9A3-9790-39FF-B1F5-953D70AF2263} = {525FC9A3-9790-39FF-B1F5-953D70AF2263}
	EndProjectSection
EndProject
Project("{8BC9CEB8-8B4A-11D0-8D11-00A0C91BC942}") = "BookProject.Assets", "o3de\BookProject.Assets.vcxproj", "{7B405CCD-E2CE-3C68-83F3-B8D49F3E2CEF}"
	ProjectSection(ProjectDependencies) = postProject
		{4721CDA9-E5C5-3E2D-BB6A-BAB98CE65F2E} = {4721CDA9-E5C5-3E2D-BB6A-BAB98CE65F2E}
		{B0BFAFDD-DABD-3915-87A6-3C8A7737B7DD} = {B0BFAFDD-DABD-3915-87A6-3C8A7737B7DD}
		{525FC9A3-9790-39FF-B1F5-953D70AF2263} = {525FC9A3-9790-39FF-B1F5-953D70AF2263}
	EndProjectSection
EndProject
Project("{8BC9CEB8-8B4A-11D0-8D11-00A0C91BC942}") = "BookProject.GameLauncher", "o3de\BookProject.GameLauncher.vcxproj", "{767A520A-C326-39E1-83B5-7C514EF71F15}"
	ProjectSection(ProjectDependencies) = postProject
		{4721CDA9-E5C5-3E2D-BB6A-BAB98CE65F2E} = {4721CDA9-E5C5-3E2D-BB6A-BAB98CE65F2E}
		{B7BC10E0-F3A3-37B8-87F2-77EB988D4402} = {B7BC10E0-F3A3-37B8-87F2-77EB988D4402}
		{525FC9A3-9790-39FF-B1F5-953D70AF2263} = {525FC9A3-9790-39FF-B1F5-953D70AF2263}
	EndProjectSection
EndProject
Project("{8BC9CEB8-8B4A-11D0-8D11-00A0C91BC942}") = "BookProject.Private.Object", "External\Gem-34bae4f8\BookProject.Private.Object.vcxproj", "{C8C52CDC-F822-3906-95B1-96152F667DAD}"
	ProjectSection(ProjectDependencies) = postProject
		{525FC9A3-9790-39FF-B1F5-953D70AF2263} = {525FC9A3-9790-39FF-B1F5-953D70AF2263}
	EndProjectSection
EndProject
Project("{8BC9CEB8-8B4A-11D0-8D11-00A0C91BC942}") = "BookProject.ServerLauncher", "o3de\BookProject.ServerLauncher.vcxproj", "{1DBB03E6-39AA-3450-87D5-50EE86D97CC8}"
	ProjectSection(ProjectDependencies) = postProject
		{4721CDA9-E5C5-3E2D-BB6A-BAB98CE65F2E} = {4721CDA9-E5C5-3E2D-BB6A-BAB98CE65F2E}
		{B7BC10E0-F3A3-37B8-87F2-77EB988D4402} = {B7BC10E0-F3A3-37B8-87F2-77EB988D4402}
		{525FC9A3-9790-39FF-B1F5-953D70AF2263} = {525FC9A3-9790-39FF-B1F5-953D70AF2263}
	EndProjectSection
EndProject
Project("{8BC9CEB8-8B4A-11D0-8D11-00A0C91BC942}") = "BookProject.UnifiedLauncher", "o3de\BookProject.UnifiedLauncher.vcxproj", "{EE10107F-8CA1-35EB-AAC1-4519E5BBF6E0}"
	ProjectSection(ProjectDependencies) = postProject
		{4721CDA9-E5C5-3E2D-BB6A-BAB98CE65F2E} = {4721CDA9-E5C5-3E2D-BB6A-BAB98CE65F2E}
		{B7BC10E0-F3A3-37B8-87F2-77EB988D4402} = {B7BC10E0-F3A3-37B8-87F2-77EB988D4402}
		{525FC9A3-9790-39FF-B1F5-953D70AF2263} = {525FC9A3-9790-39FF-B1F5-953D70AF2263}
	EndProjectSection
EndProject
Project("{8BC9CEB8-8B4A-11D0-8D11-00A0C91BC942}") = "Continuous", "o3de\Continuous.vcxproj", "{B5B08970-DA55-3018-8688-127F0E4F58F9}"
	ProjectSection(ProjectDependencies) = postProject
		{525FC9A3-9790-39FF-B1F5-953D70AF2263} = {525FC9A3-9790-39FF-B1F5-953D70AF2263}
	EndProjectSection
EndProject
Project("{8BC9CEB8-8B4A-11D0-8D11-00A0C91BC942}") = "Editor", "o3de\Code\Editor\Editor.vcxproj", "{DB5A1260-DE33-30BA-83FD-08A35E45BD2C}"
	ProjectSection(ProjectDependencies) = postProject
		{4721CDA9-E5C5-3E2D-BB6A-BAB98CE65F2E} = {4721CDA9-E5C5-3E2D-BB6A-BAB98CE65F2E}
		{1DBB03E6-39AA-3450-87D5-50EE86D97CC8} = {1DBB03E6-39AA-3450-87D5-50EE86D97CC8}
		{B0BFAFDD-DABD-3915-87A6-3C8A7737B7DD} = {B0BFAFDD-DABD-3915-87A6-3C8A7737B7DD}
		{525FC9A3-9790-39FF-B1F5-953D70AF2263} = {525FC9A3-9790-39FF-B1F5-953D70AF2263}
	EndProjectSection
EndProject
Project("{8BC9CEB8-8B4A-11D0-8D11-00A0C91BC942}") = "Experimental", "o3de\Experimental.vcxproj", "{25A6F194-CAFD-36E2-8C98-5279E306D1F7}"
	ProjectSection(ProjectDependencies) = postProject
		{525FC9A3-9790-39FF-B1F5-953D70AF2263} = {525FC9A3-9790-39FF-B1F5-953D70AF2263}
	EndProjectSection
EndProject
Project("{8BC9CEB8-8B4A-11D0-8D11-00A0C91BC942}") = "INSTALL", "INSTALL.vcxproj", "{6B2EC264-FE5D-3413-B84E-359505D9D0DA}"
	ProjectSection(ProjectDependencies) = postProject
		{A3BB71CE-7928-330D-9F93-03D81F09A4B7} = {A3BB71CE-7928-330D-9F93-03D81F09A4B7}
		{525FC9A3-9790-39FF-B1F5-953D70AF2263} = {525FC9A3-9790-39FF-B1F5-953D70AF2263}
	EndProjectSection
EndProject
Project("{8BC9CEB8-8B4A-11D0-8D11-00A0C91BC942}") = "MyGem", "External\MyGem-c19403bc\Code\MyGem.vcxproj", "{B7BC10E0-F3A3-37B8-87F2-77EB988D4402}"
	ProjectSection(ProjectDependencies) = postProject
		{A40B0CB3-933A-3FBB-892D-3140AE9C55A5} = {A40B0CB3-933A-3FBB-892D-3140AE9C55A5}
		{52ABF96F-0D62-34AF-B2D6-94BC6FB631B6} = {52ABF96F-0D62-34AF-B2D6-94BC6FB631B6}
		{525FC9A3-9790-39FF-B1F5-953D70AF2263} = {525FC9A3-9790-39FF-B1F5-953D70AF2263}
	EndProjectSection
EndProject
Project("{8BC9CEB8-8B4A-11D0-8D11-00A0C91BC942}") = "MyGem.API", "External\MyGem-c19403bc\Code\MyGem.API.vcxproj", "{A40B0CB3-933A-3FBB-892D-3140AE9C55A5}"
	ProjectSection(ProjectDependencies) = postProject
		{525FC9A3-9790-39FF-B1F5-953D70AF2263} = {525FC9A3-9790-39FF-B1F5-953D70AF2263}
	EndProjectSection
EndProject
Project("{8BC9CEB8-8B4A-11D0-8D11-00A0C91BC942}") = "MyGem.Editor", "External\MyGem-c19403bc\Code\MyGem.Editor.vcxproj", "{B0BFAFDD-DABD-3915-87A6-3C8A7737B7DD}"
	ProjectSection(ProjectDependencies) = postProject
		{8C063FAE-73DD-398B-BC38-434AC4C9805C} = {8C063FAE-73DD-398B-BC38-434AC4C9805C}
		{17A45776-8FDC-3A29-94A5-E07FAFABD384} = {17A45776-8FDC-3A29-94A5-E07FAFABD384}
		{52ABF96F-0D62-34AF-B2D6-94BC6FB631B6} = {52ABF96F-0D62-34AF-B2D6-94BC6FB631B6}
		{525FC9A3-9790-39FF-B1F5-953D70AF2263} = {525FC9A3-9790-39FF-B1F5-953D70AF2263}
	EndProjectSection
EndProject
Project("{8BC9CEB8-8B4A-11D0-8D11-00A0C91BC942}") = "MyGem.Editor.API", "External\MyGem-c19403bc\Code\MyGem.Editor.API.vcxproj", "{8C063FAE-73DD-398B-BC38-434AC4C9805C}"
	ProjectSection(ProjectDependencies) = postProject
		{525FC9A3-9790-39FF-B1F5-953D70AF2263} = {525FC9A3-9790-39FF-B1F5-953D70AF2263}
	EndProjectSection
EndProject
Project("{8BC9CEB8-8B4A-11D0-8D11-00A0C91BC942}") = "MyGem.Editor.Private.Object", "External\MyGem-c19403bc\Code\MyGem.Editor.Private.Object.vcxproj", "{17A45776-8FDC-3A29-94A5-E07FAFABD384}"
	ProjectSection(ProjectDependencies) = postProject
		{52ABF96F-0D62-34AF-B2D6-94BC6FB631B6} = {52ABF96F-0D62-34AF-B2D6-94BC6FB631B6}
		{525FC9A3-9790-39FF-B1F5-953D70AF2263} = {525FC9A3-9790-39FF-B1F5-953D70AF2263}
	EndProjectSection
EndProject
Project("{8BC9CEB8-8B4A-11D0-8D11-00A0C91BC942}") = "MyGem.Private.Object", "External\MyGem-c19403bc\Code\MyGem.Private.Object.vcxproj", "{52ABF96F-0D62-34AF-B2D6-94BC6FB631B6}"
	ProjectSection(ProjectDependencies) = postProject
		{525FC9A3-9790-39FF-B1F5-953D70AF2263} = {525FC9A3-9790-39FF-B1F5-953D70AF2263}
	EndProjectSection
EndProject
Project("{8BC9CEB8-8B4A-11D0-8D11-00A0C91BC942}") = "Nightly", "o3de\Nightly.vcxproj", "{AF8DE5DB-EFCF-3C03-9A93-70B01B6C9DD2}"
	ProjectSection(ProjectDependencies) = postProject
		{525FC9A3-9790-39FF-B1F5-953D70AF2263} = {525FC9A3-9790-39FF-B1F5-953D70AF2263}
	EndProjectSection
EndProject
Project("{8BC9CEB8-8B4A-11D0-8D11-00A0C91BC942}") = "NightlyMemoryCheck", "o3de\NightlyMemoryCheck.vcxproj", "{D4ECEC0A-CF34-332D-96FC-A5F9E081F08F}"
	ProjectSection(ProjectDependencies) = postProject
		{525FC9A3-9790-39FF-B1F5-953D70AF2263} = {525FC9A3-9790-39FF-B1F5-953D70AF2263}
	EndProjectSection
EndProject
Project("{8BC9CEB8-8B4A-11D0-8D11-00A0C91BC942}") = "ZERO_CHECK", "ZERO_CHECK.vcxproj", "{525FC9A3-9790-39FF-B1F5-953D70AF2263}"
	ProjectSection(ProjectDependencies) = postProject
	EndProjectSection
EndProject
Global
	GlobalSection(SolutionConfigurationPlatforms) = preSolution
		profile|x64 = profile|x64
	EndGlobalSection
	GlobalSection(ProjectConfigurationPlatforms) = postSolution
		{A3BB71CE-7928-330D-9F93-03D81F09A4B7}.profile|x64.ActiveCfg = profile|x64
		{A3BB71CE-7928-330D-9F93-03D81F09A4B7}.profile|x64.Build.0 = profile|x64
		{4721CDA9-E5C5-3E2D-BB6A-BAB98CE65F2E}.profile|x64.ActiveCfg = profile|x64
		{4721CDA9-E5C5-3E2D-BB6A-BAB98CE65F2E}.profile|x64.Build.0 = profile|x64
		{7B405CCD-E2CE-3C68-83F3-B8D49F3E2CEF}.profile|x64.ActiveCfg = profile|x64
		{767A520A-C326-39E1-83B5-7C514EF71F15}.profile|x64.ActiveCfg = profile|x64
		{767A520A-C326-39E1-83B5-7C514EF71F15}.profile|x64.Build.0 = profile|x64
		{C8C52CDC-F822-3906-95B1-96152F667DAD}.profile|x64.ActiveCfg = profile|x64
		{C8C52CDC-F822-3906-95B1-96152F667DAD}.profile|x64.Build.0 = profile|x64
		{1DBB03E6-39AA-3450-87D5-50EE86D97CC8}.profile|x64.ActiveCfg = profile|x64
		{1DBB03E6-39AA-3450-87D5-50EE86D97CC8}.profile|x64.Build.0 = profile|x64
		{EE10107F-8CA1-35EB-AAC1-4519E5BBF6E0}.profile|x64.ActiveCfg = profile|x64
		{EE10107F-8CA1-35EB-AAC1-4519E5BBF6E0}.profile|x64.Build.0 = profile|x64
		{B5B08970-DA55-3018-8688-127F0E4F58F9}.profile|x64.ActiveCfg = profile|x64
		{DB5A1260-DE33-30BA-83FD-08A35E45BD2C}.profile|x64.ActiveCfg = profile|x64
		{25A6F194-CAFD-36E2-8C98-5279E306D1F7}.profile|x64.ActiveCfg = profile|x64
		{6B2EC264-FE5D-3413-B84E-359505D9D0DA}.profile|x64.ActiveCfg = profile|x64
		{B7BC10E0-F3A3-37B8-87F2-77EB988D4402}.profile|x64.ActiveCfg = profile|x64
		{B7BC10E0-F3A3-37B8-87F2-77EB988D4402}.profile|x64.Build.0 = profile|x64
		{A40B0CB3-933A-3FBB-892D-3140AE9C55A5}.profile|x64.ActiveCfg = profile|x64
		{A40B0CB3-933A-3FBB-892D-3140AE9C55A5}.profile|x64.Build.0 = profile|x64
		{B0BFAFDD-DABD-3915-87A6-3C8A7737B7DD}.profile|x64.ActiveCfg = profile|x64
		{B0BFAFDD-DABD-3915-87A6-3C8A7737B7DD}.profile|x64.Build.0 = profile|x64
		{8C063FAE-73DD-398B-BC38-434AC4C9805C}.profile|x64.ActiveCfg = profile|x64
		{8C063FAE-73DD-398B-BC38-434AC4C9805C}.profile|x64.Build.0 = profile|x64
		{17A45776-8FDC-3A29-94A5-E07FAFABD384}.profile|x64.ActiveCfg = profile|x64
		{17A45776-8FDC-3A29-94A5-E07FAFABD384}.profile|x64.Build.0 = profile|x64
		{52ABF96F-0D62-34AF-B2D6-94BC6FB631B6}.profile|x64.ActiveCfg = profile|x64
		{52ABF96F-0D62-34AF-B2D6-94BC6FB631B6}.profile|x64.Build.0 = profile|x64
		{AF8DE5DB-EFCF-3C03-9A93-70B01B6C9DD2}.profile|x64.ActiveCfg = profile|x64
		{D4ECEC0A-CF34-332D-96FC-A5F9E081F08F}.profile|x64.ActiveCfg = profile|x64
		{525FC9A3-9790-39FF-B1F5-953D70AF2263}.profile|x64.ActiveCfg = profile|x64
		{525FC9A3-9790-39FF-B1F5-953D70AF2263}.profile|x64.Build.0 = profile|x64
	EndGlobalSection
	GlobalSection(NestedProjects) = preSolution
		{7B405CCD-E2CE-3C68-83F3-B8D49F3E2CEF} = {DEEA6809-B2A7-39EA-BF86-F7698D3D1F08}
		{767A520A-C326-39E1-83B5-7C514EF71F15} = {DEEA6809-B2A7-39EA-BF86-F7698D3D1F08}
		{1DBB03E6-39AA-3450-87D5-50EE86D97CC8} = {DEEA6809-B2A7-39EA-BF86-F7698D3D1F08}
		{EE10107F-8CA1-35EB-AAC1-4519E5BBF6E0} = {DEEA6809-B2A7-39EA-BF86-F7698D3D1F08}
		{A3BB71CE-7928-330D-9F93-03D81F09A4B7} = {2750297C-EE9B-3245-884B-1B09E5FEA3E8}
		{6B2EC264-FE5D-3413-B84E-359505D9D0DA} = {2750297C-EE9B-3245-884B-1B09E5FEA3E8}
		{525FC9A3-9790-39FF-B1F5-953D70AF2263} = {2750297C-EE9B-3245-884B-1B09E5FEA3E8}
		{B5B08970-DA55-3018-8688-127F0E4F58F9} = {2B40DA99-8B48-3335-A1D9-47597816B183}
		{25A6F194-CAFD-36E2-8C98-5279E306D1F7} = {2B40DA99-8B48-3335-A1D9-47597816B183}
		{AF8DE5DB-EFCF-3C03-9A93-70B01B6C9DD2} = {2B40DA99-8B48-3335-A1D9-47597816B183}
		{D4ECEC0A-CF34-332D-96FC-A5F9E081F08F} = {2B40DA99-8B48-3335-A1D9-47597816B183}
		{4721CDA9-E5C5-3E2D-BB6A-BAB98CE65F2E} = {6BA7FFBA-3F39-31D0-8A86-36840A8DA578}
		{C8C52CDC-F822-3906-95B1-96152F667DAD} = {6BA7FFBA-3F39-31D0-8A86-36840A8DA578}
		{284D796B-D820-3E6E-99BE-B2335696E4F8} = {6BA7FFBA-3F39-31D0-8A86-36840A8DA578}
		{EF804521-F964-3B6D-B805-8143B26A71F4} = {284D796B-D820-3E6E-99BE-B2335696E4F8}
		{B7BC10E0-F3A3-37B8-87F2-77EB988D4402} = {EF804521-F964-3B6D-B805-8143B26A71F4}
		{A40B0CB3-933A-3FBB-892D-3140AE9C55A5} = {EF804521-F964-3B6D-B805-8143B26A71F4}
		{B0BFAFDD-DABD-3915-87A6-3C8A7737B7DD} = {EF804521-F964-3B6D-B805-8143B26A71F4}
		{8C063FAE-73DD-398B-BC38-434AC4C9805C} = {EF804521-F964-3B6D-B805-8143B26A71F4}
		{17A45776-8FDC-3A29-94A5-E07FAFABD384} = {EF804521-F964-3B6D-B805-8143B26A71F4}
		{52ABF96F-0D62-34AF-B2D6-94BC6FB631B6} = {EF804521-F964-3B6D-B805-8143B26A71F4}
		{DB5A1260-DE33-30BA-83FD-08A35E45BD2C} = {A1E76D89-F83A-36E2-BAF4-819287CA41CE}
	EndGlobalSection
	GlobalSection(ExtensibilityGlobals) = postSolution
		SolutionGuid = {C520FE99-08E0-3155-BB9B-A4F6803D66AD}
	EndGlobalSection
	GlobalSection(ExtensibilityAddIns) = postSolution
	EndGlobalSection
EndGlobal
